
Microsoft Visual Studio Solution File, Format Version 12.00
# Visual Studio Version 17
VisualStudioVersion = 17.13.35806.99 d17.13
MinimumVisualStudioVersion = 10.0.40219.1
Project("{FAE04EC0-301F-11D3-BF4B-00C04F79EFBC}") = "AspNetFrameworkAuthorisation", "AspNetFrameworkAuthorisation.csproj", "{DC21CD58-905F-4E74-B691-25F42C2143CD}"
EndProject
Global
	GlobalSection(SolutionConfigurationPlatforms) = preSolution
		Debug|Any CPU = Debug|Any CPU
		Release|Any CPU = Release|Any CPU
	EndGlobalSection
	GlobalSection(ProjectConfigurationPlatforms) = postSolution
		{DC21CD58-905F-4E74-B691-25F42C2143CD}.Debug|Any CPU.ActiveCfg = Debug|Any CPU
		{DC21CD58-905F-4E74-B691-25F42C2143CD}.Debug|Any CPU.Build.0 = Debug|Any CPU
		{DC21CD58-905F-4E74-B691-25F42C2143CD}.Release|Any CPU.ActiveCfg = Release|Any CPU
		{DC21CD58-905F-4E74-B691-25F42C2143CD}.Release|Any CPU.Build.0 = Release|Any CPU
	EndGlobalSection
	GlobalSection(SolutionProperties) = preSolution
		HideSolutionNode = FALSE
	EndGlobalSection
	GlobalSection(ExtensibilityGlobals) = postSolution
		SolutionGuid = {4772FB17-7CF7-4C95-92CD-B1885CEEEF8A}
	EndGlobalSection
EndGlobal
